
Microsoft Visual Studio Solution File, Format Version 12.00
# Visual Studio 2012
Project("{9092AA53-FB77-4645-B42D-1CCCA6BD08BD}") = "Caster", "Caster.njsproj", "{F120E83F-5380-44BA-927C-744127E100AB}"
EndProject
Global
	GlobalSection(SolutionConfigurationPlatforms) = preSolution
		Debug|Any CPU = Debug|Any CPU
		Release|Any CPU = Release|Any CPU
	EndGlobalSection
	GlobalSection(ProjectConfigurationPlatforms) = postSolution
		{F120E83F-5380-44BA-927C-744127E100AB}.Debug|Any CPU.ActiveCfg = Debug|Any CPU
		{F120E83F-5380-44BA-927C-744127E100AB}.Debug|Any CPU.Build.0 = Debug|Any CPU
		{F120E83F-5380-44BA-927C-744127E100AB}.Release|Any CPU.ActiveCfg = Release|Any CPU
		{F120E83F-5380-44BA-927C-744127E100AB}.Release|Any CPU.Build.0 = Release|Any CPU
	EndGlobalSection
	GlobalSection(SolutionProperties) = preSolution
		HideSolutionNode = FALSE
	EndGlobalSection
EndGlobal
